
Microsoft Visual Studio Solution File, Format Version 12.00
# Visual Studio Version 17
VisualStudioVersion = 17.9.34511.98
MinimumVisualStudioVersion = 10.0.40219.1
Project("{9A19103F-16F7-4668-BE54-9A1E7A4F7556}") = "CardShuffle", "CardShuffle\CardShuffle.csproj", "{6251BDBA-A20E-4D49-8746-16DEA7358856}"
EndProject
Project("{9A19103F-16F7-4668-BE54-9A1E7A4F7556}") = "CardShuffle.Client", "CardShuffle.Client\CardShuffle.Client.csproj", "{9AA2FAD2-CB52-4648-BFA7-B50753993A9E}"
EndProject
Project("{9A19103F-16F7-4668-BE54-9A1E7A4F7556}") = "CardShuffle.WebHelper", "CardShuffle.WebHelper\CardShuffle.WebHelper.csproj", "{6093E7EC-9BD0-4507-B8A8-038D7F456D14}"
EndProject
Project("{9A19103F-16F7-4668-BE54-9A1E7A4F7556}") = "CardShuffle.Services", "CardShuffle.Services\CardShuffle.Services.csproj", "{62B12DD5-94D5-4502-8E0E-130BA364B9E6}"
EndProject
Project("{9A19103F-16F7-4668-BE54-9A1E7A4F7556}") = "CardShuffle.Data", "CardShuffle.Data\CardShuffle.Data.csproj", "{40931159-0ABE-4582-B74E-593519064122}"
EndProject
Project("{9A19103F-16F7-4668-BE54-9A1E7A4F7556}") = "CardShuffle.Models", "CardShuffle.Models\CardShuffle.Models.csproj", "{72FDBE19-3D64-4E1F-B864-E6841A88A751}"
EndProject
Project("{2150E333-8FDC-42A3-9474-1A3956D46DE8}") = "Solution Items", "Solution Items", "{F81C229A-B435-4BE4-B0B8-E40056C626EA}"
	ProjectSection(SolutionItems) = preProject
		Dockerfile = Dockerfile
	EndProjectSection
EndProject
Global
	GlobalSection(SolutionConfigurationPlatforms) = preSolution
		Debug|Any CPU = Debug|Any CPU
		Release|Any CPU = Release|Any CPU
	EndGlobalSection
	GlobalSection(ProjectConfigurationPlatforms) = postSolution
		{6251BDBA-A20E-4D49-8746-16DEA7358856}.Debug|Any CPU.ActiveCfg = Debug|Any CPU
		{6251BDBA-A20E-4D49-8746-16DEA7358856}.Debug|Any CPU.Build.0 = Debug|Any CPU
		{6251BDBA-A20E-4D49-8746-16DEA7358856}.Release|Any CPU.ActiveCfg = Release|Any CPU
		{6251BDBA-A20E-4D49-8746-16DEA7358856}.Release|Any CPU.Build.0 = Release|Any CPU
		{9AA2FAD2-CB52-4648-BFA7-B50753993A9E}.Debug|Any CPU.ActiveCfg = Debug|Any CPU
		{9AA2FAD2-CB52-4648-BFA7-B50753993A9E}.Debug|Any CPU.Build.0 = Debug|Any CPU
		{9AA2FAD2-CB52-4648-BFA7-B50753993A9E}.Release|Any CPU.ActiveCfg = Release|Any CPU
		{9AA2FAD2-CB52-4648-BFA7-B50753993A9E}.Release|Any CPU.Build.0 = Release|Any CPU
		{6093E7EC-9BD0-4507-B8A8-038D7F456D14}.Debug|Any CPU.ActiveCfg = Debug|Any CPU
		{6093E7EC-9BD0-4507-B8A8-038D7F456D14}.Debug|Any CPU.Build.0 = Debug|Any CPU
		{6093E7EC-9BD0-4507-B8A8-038D7F456D14}.Release|Any CPU.ActiveCfg = Release|Any CPU
		{6093E7EC-9BD0-4507-B8A8-038D7F456D14}.Release|Any CPU.Build.0 = Release|Any CPU
		{62B12DD5-94D5-4502-8E0E-130BA364B9E6}.Debug|Any CPU.ActiveCfg = Debug|Any CPU
		{62B12DD5-94D5-4502-8E0E-130BA364B9E6}.Debug|Any CPU.Build.0 = Debug|Any CPU
		{62B12DD5-94D5-4502-8E0E-130BA364B9E6}.Release|Any CPU.ActiveCfg = Release|Any CPU
		{62B12DD5-94D5-4502-8E0E-130BA364B9E6}.Release|Any CPU.Build.0 = Release|Any CPU
		{40931159-0ABE-4582-B74E-593519064122}.Debug|Any CPU.ActiveCfg = Debug|Any CPU
		{40931159-0ABE-4582-B74E-593519064122}.Debug|Any CPU.Build.0 = Debug|Any CPU
		{40931159-0ABE-4582-B74E-593519064122}.Release|Any CPU.ActiveCfg = Release|Any CPU
		{40931159-0ABE-4582-B74E-593519064122}.Release|Any CPU.Build.0 = Release|Any CPU
		{72FDBE19-3D64-4E1F-B864-E6841A88A751}.Debug|Any CPU.ActiveCfg = Debug|Any CPU
		{72FDBE19-3D64-4E1F-B864-E6841A88A751}.Debug|Any CPU.Build.0 = Debug|Any CPU
		{72FDBE19-3D64-4E1F-B864-E6841A88A751}.Release|Any CPU.ActiveCfg = Release|Any CPU
		{72FDBE19-3D64-4E1F-B864-E6841A88A751}.Release|Any CPU.Build.0 = Release|Any CPU
	EndGlobalSection
	GlobalSection(SolutionProperties) = preSolution
		HideSolutionNode = FALSE
	EndGlobalSection
	GlobalSection(ExtensibilityGlobals) = postSolution
		SolutionGuid = {1E7695A8-0E3A-4E71-81E0-B343C1FEF4EA}
	EndGlobalSection
EndGlobal
